
Microsoft Visual Studio Solution File, Format Version 12.00
# Visual Studio Version 17
VisualStudioVersion = 17.11.35303.130
MinimumVisualStudioVersion = 10.0.40219.1
Project("{FAE04EC0-301F-11D3-BF4B-00C04F79EFBC}") = "GitHub Demo Generator", "GitHub Demo Generator\GitHub Demo Generator.csproj", "{08633249-EEAB-481D-9B25-CB91AEAFC9DB}"
EndProject
Global
	GlobalSection(SolutionConfigurationPlatforms) = preSolution
		Debug|Any CPU = Debug|Any CPU
		Release|Any CPU = Release|Any CPU
	EndGlobalSection
	GlobalSection(ProjectConfigurationPlatforms) = postSolution
		{08633249-EEAB-481D-9B25-CB91AEAFC9DB}.Debug|Any CPU.ActiveCfg = Debug|Any CPU
		{08633249-EEAB-481D-9B25-CB91AEAFC9DB}.Debug|Any CPU.Build.0 = Debug|Any CPU
		{08633249-EEAB-481D-9B25-CB91AEAFC9DB}.Release|Any CPU.ActiveCfg = Release|Any CPU
		{08633249-EEAB-481D-9B25-CB91AEAFC9DB}.Release|Any CPU.Build.0 = Release|Any CPU
	EndGlobalSection
	GlobalSection(SolutionProperties) = preSolution
		HideSolutionNode = FALSE
	EndGlobalSection
	GlobalSection(ExtensibilityGlobals) = postSolution
		SolutionGuid = {E421D293-BE6F-40D2-81C2-4E58C02BFC2B}
	EndGlobalSection
EndGlobal
